
Microsoft Visual Studio Solution File, Format Version 12.00
# Visual Studio Version 16
VisualStudioVersion = 16.0.31321.278
MinimumVisualStudioVersion = 10.0.40219.1
Project("{9A19103F-16F7-4668-BE54-9A1E7A4F7556}") = "CSharpQueueTrigger", "CSharpQueueTrigger\CSharpQueueTrigger.csproj", "{479B1D35-BAEF-4EF2-80D3-B2E08BE96D11}"
EndProject
Project("{9A19103F-16F7-4668-BE54-9A1E7A4F7556}") = "CSharpHttpTrigger", "CSharpHttpTrigger\CSharpHttpTrigger.csproj", "{D07D38D7-75AE-48F6-A261-89EAE07E7D35}"
EndProject
Project("{9A19103F-16F7-4668-BE54-9A1E7A4F7556}") = "CSharpTimerTrigger", "CSharpTimerTrigger\CSharpTimerTrigger.csproj", "{2F6C33AD-88F6-4A20-8D50-CFD160A272A1}"
EndProject
Project("{9A19103F-16F7-4668-BE54-9A1E7A4F7556}") = "CSharpBlobTrigger", "CSharpBlobTrigger\CSharpBlobTrigger.csproj", "{820D3EF1-95DB-40DB-B671-A83831FD4018}"
EndProject
Project("{778DAE3C-4631-46EA-AA77-85C1314464D9}") = "VBNetQueueTrigger", "VBNetQueueTrigger\VBNetQueueTrigger.vbproj", "{14F3313A-85C0-4FA7-A2B2-7D470CAB98D1}"
EndProject
Project("{FAE04EC0-301F-11D3-BF4B-00C04F79EFBC}") = "QueueMessageGenerator", "QueueMessageGenerator\QueueMessageGenerator.csproj", "{CB17D00F-296C-4B9F-BA0B-4700ED3A6009}"
EndProject
Project("{778DAE3C-4631-46EA-AA77-85C1314464D9}") = "VBTimerTrigger", "VBTImerTrigger\VBTimerTrigger.vbproj", "{5784E7B8-DF13-4680-9A07-322EF5DE9C8E}"
EndProject
Project("{F184B08F-C81C-45F6-A57F-5ABD9991F28F}") = "VBNetBlobTrigger", "VBNetBlobTrigger\VBNetBlobTrigger.vbproj", "{2AFB9A30-7CDB-46CE-821D-9D2C85029038}"
EndProject
Project("{F184B08F-C81C-45F6-A57F-5ABD9991F28F}") = "VBNetHttpTrigger", "VBNetHttpTrigger\VBNetHttpTrigger.vbproj", "{ED97E25A-64D2-477D-B46E-020FF5A9293D}"
EndProject
Global
	GlobalSection(SolutionConfigurationPlatforms) = preSolution
		Debug|Any CPU = Debug|Any CPU
		Release|Any CPU = Release|Any CPU
	EndGlobalSection
	GlobalSection(ProjectConfigurationPlatforms) = postSolution
		{479B1D35-BAEF-4EF2-80D3-B2E08BE96D11}.Debug|Any CPU.ActiveCfg = Debug|Any CPU
		{479B1D35-BAEF-4EF2-80D3-B2E08BE96D11}.Debug|Any CPU.Build.0 = Debug|Any CPU
		{479B1D35-BAEF-4EF2-80D3-B2E08BE96D11}.Release|Any CPU.ActiveCfg = Release|Any CPU
		{479B1D35-BAEF-4EF2-80D3-B2E08BE96D11}.Release|Any CPU.Build.0 = Release|Any CPU
		{D07D38D7-75AE-48F6-A261-89EAE07E7D35}.Debug|Any CPU.ActiveCfg = Debug|Any CPU
		{D07D38D7-75AE-48F6-A261-89EAE07E7D35}.Debug|Any CPU.Build.0 = Debug|Any CPU
		{D07D38D7-75AE-48F6-A261-89EAE07E7D35}.Release|Any CPU.ActiveCfg = Release|Any CPU
		{D07D38D7-75AE-48F6-A261-89EAE07E7D35}.Release|Any CPU.Build.0 = Release|Any CPU
		{2F6C33AD-88F6-4A20-8D50-CFD160A272A1}.Debug|Any CPU.ActiveCfg = Debug|Any CPU
		{2F6C33AD-88F6-4A20-8D50-CFD160A272A1}.Debug|Any CPU.Build.0 = Debug|Any CPU
		{2F6C33AD-88F6-4A20-8D50-CFD160A272A1}.Release|Any CPU.ActiveCfg = Release|Any CPU
		{2F6C33AD-88F6-4A20-8D50-CFD160A272A1}.Release|Any CPU.Build.0 = Release|Any CPU
		{820D3EF1-95DB-40DB-B671-A83831FD4018}.Debug|Any CPU.ActiveCfg = Debug|Any CPU
		{820D3EF1-95DB-40DB-B671-A83831FD4018}.Debug|Any CPU.Build.0 = Debug|Any CPU
		{820D3EF1-95DB-40DB-B671-A83831FD4018}.Release|Any CPU.ActiveCfg = Release|Any CPU
		{820D3EF1-95DB-40DB-B671-A83831FD4018}.Release|Any CPU.Build.0 = Release|Any CPU
		{14F3313A-85C0-4FA7-A2B2-7D470CAB98D1}.Debug|Any CPU.ActiveCfg = Debug|Any CPU
		{14F3313A-85C0-4FA7-A2B2-7D470CAB98D1}.Debug|Any CPU.Build.0 = Debug|Any CPU
		{14F3313A-85C0-4FA7-A2B2-7D470CAB98D1}.Release|Any CPU.ActiveCfg = Release|Any CPU
		{14F3313A-85C0-4FA7-A2B2-7D470CAB98D1}.Release|Any CPU.Build.0 = Release|Any CPU
		{CB17D00F-296C-4B9F-BA0B-4700ED3A6009}.Debug|Any CPU.ActiveCfg = Debug|Any CPU
		{CB17D00F-296C-4B9F-BA0B-4700ED3A6009}.Debug|Any CPU.Build.0 = Debug|Any CPU
		{CB17D00F-296C-4B9F-BA0B-4700ED3A6009}.Release|Any CPU.ActiveCfg = Release|Any CPU
		{CB17D00F-296C-4B9F-BA0B-4700ED3A6009}.Release|Any CPU.Build.0 = Release|Any CPU
		{5784E7B8-DF13-4680-9A07-322EF5DE9C8E}.Debug|Any CPU.ActiveCfg = Debug|Any CPU
		{5784E7B8-DF13-4680-9A07-322EF5DE9C8E}.Debug|Any CPU.Build.0 = Debug|Any CPU
		{5784E7B8-DF13-4680-9A07-322EF5DE9C8E}.Release|Any CPU.ActiveCfg = Release|Any CPU
		{5784E7B8-DF13-4680-9A07-322EF5DE9C8E}.Release|Any CPU.Build.0 = Release|Any CPU
		{2AFB9A30-7CDB-46CE-821D-9D2C85029038}.Debug|Any CPU.ActiveCfg = Debug|Any CPU
		{2AFB9A30-7CDB-46CE-821D-9D2C85029038}.Debug|Any CPU.Build.0 = Debug|Any CPU
		{2AFB9A30-7CDB-46CE-821D-9D2C85029038}.Release|Any CPU.ActiveCfg = Release|Any CPU
		{2AFB9A30-7CDB-46CE-821D-9D2C85029038}.Release|Any CPU.Build.0 = Release|Any CPU
		{ED97E25A-64D2-477D-B46E-020FF5A9293D}.Debug|Any CPU.ActiveCfg = Debug|Any CPU
		{ED97E25A-64D2-477D-B46E-020FF5A9293D}.Debug|Any CPU.Build.0 = Debug|Any CPU
		{ED97E25A-64D2-477D-B46E-020FF5A9293D}.Release|Any CPU.ActiveCfg = Release|Any CPU
		{ED97E25A-64D2-477D-B46E-020FF5A9293D}.Release|Any CPU.Build.0 = Release|Any CPU
	EndGlobalSection
	GlobalSection(SolutionProperties) = preSolution
		HideSolutionNode = FALSE
	EndGlobalSection
	GlobalSection(ExtensibilityGlobals) = postSolution
		SolutionGuid = {4970ACD1-25B0-4260-9162-1B637ACE3AE7}
	EndGlobalSection
EndGlobal
